// !$*UTF8*$!
{
	archiveVersion = 1;
	classes = {
	};
	objectVersion = 46;
	objects = {

/* Begin PBXBuildFile section */
		ACBD08B31EF19A6D0044DA97 /* AppDelegate.swift in Sources */ = {isa = PBXBuildFile; fileRef = ACBD08B21EF19A6D0044DA97 /* AppDelegate.swift */; };
		ACBD08B51EF19A6D0044DA97 /* ViewController.swift in Sources */ = {isa = PBXBuildFile; fileRef = ACBD08B41EF19A6D0044DA97 /* ViewController.swift */; };
		ACBD08B81EF19A6D0044DA97 /* Main.storyboard in Resources */ = {isa = PBXBuildFile; fileRef = ACBD08B61EF19A6D0044DA97 /* Main.storyboard */; };
		ACBD08BB1EF19A6D0044DA97 /* AutoBot.xcdatamodeld in Sources */ = {isa = PBXBuildFile; fileRef = ACBD08B91EF19A6D0044DA97 /* AutoBot.xcdatamodeld */; };
		ACBD08BD1EF19A6D0044DA97 /* Assets.xcassets in Resources */ = {isa = PBXBuildFile; fileRef = ACBD08BC1EF19A6D0044DA97 /* Assets.xcassets */; };
		ACBD08C01EF19A6D0044DA97 /* LaunchScreen.storyboard in Resources */ = {isa = PBXBuildFile; fileRef = ACBD08BE1EF19A6D0044DA97 /* LaunchScreen.storyboard */; };
/* End PBXBuildFile section */

/* Begin PBXFileReference section */
		ACBD08AF1EF19A6D0044DA97 /* AutoBot.app */ = {isa = PBXFileReference; explicitFileType = wrapper.application; includeInIndex = 0; path = AutoBot.app; sourceTree = BUILT_PRODUCTS_DIR; };
		ACBD08B21EF19A6D0044DA97 /* AppDelegate.swift */ = {isa = PBXFileReference; lastKnownFileType = sourcecode.swift; path = AppDelegate.swift; sourceTree = "<group>"; };
		ACBD08B41EF19A6D0044DA97 /* ViewController.swift */ = {isa = PBXFileReference; lastKnownFileType = sourcecode.swift; path = ViewController.swift; sourceTree = "<group>"; };
		ACBD08B71EF19A6D0044DA97 /* Base */ = {isa = PBXFileReference; lastKnownFileType = file.storyboard; name = Base; path = Base.lproj/Main.storyboard; sourceTree = "<group>"; };
		ACBD08BA1EF19A6D0044DA97 /* AutoBot.xcdatamodel */ = {isa = PBXFileReference; lastKnownFileType = wrapper.xcdatamodel; path = AutoBot.xcdatamodel; sourceTree = "<group>"; };
		ACBD08BC1EF19A6D0044DA97 /* Assets.xcassets */ = {isa = PBXFileReference; lastKnownFileType = folder.assetcatalog; path = Assets.xcassets; sourceTree = "<group>"; };
		ACBD08BF1EF19A6D0044DA97 /* Base */ = {isa = PBXFileReference; lastKnownFileType = file.storyboard; name = Base; path = Base.lproj/LaunchScreen.storyboard; sourceTree = "<group>"; };
		ACBD08C11EF19A6D0044DA97 /* Info.plist */ = {isa = PBXFileReference; lastKnownFileType = text.plist.xml; path = Info.plist; sourceTree = "<group>"; };
/* End PBXFileReference section */

/* Begin PBXFrameworksBuildPhase section */
		ACBD08AC1EF19A6C0044DA97 /* Frameworks */ = {
			isa = PBXFrameworksBuildPhase;
			buildActionMask = 2147483647;
			files = (
			);
			runOnlyForDeploymentPostprocessing = 0;
		};
/* End PBXFrameworksBuildPhase section */

/* Begin PBXGroup section */
		ACBD08A61EF19A6C0044DA97 = {
			isa = PBXGroup;
			children = (
				ACBD08B11EF19A6D0044DA97 /* AutoBot */,
				ACBD08B01EF19A6D0044DA97 /* Products */,
			);
			sourceTree = "<group>";
		};
		ACBD08B01EF19A6D0044DA97 /* Products */ = {
			isa = PBXGroup;
			children = (
				ACBD08AF1EF19A6D0044DA97 /* AutoBot.app */,
			);
			name = Products;
			sourceTree = "<group>";
		};
		ACBD08B11EF19A6D0044DA97 /* AutoBot */ = {
			isa = PBXGroup;
			children = (
				ACBD08B21EF19A6D0044DA97 /* AppDelegate.swift */,
				ACBD08B41EF19A6D0044DA97 /* ViewController.swift */,
				ACBD08B61EF19A6D0044DA97 /* Main.storyboard */,
				ACBD08BC1EF19A6D0044DA97 /* Assets.xcassets */,
				ACBD08BE1EF19A6D0044DA97 /* LaunchScreen.storyboard */,
				ACBD08C11EF19A6D0044DA97 /* Info.plist */,
				ACBD08B91EF19A6D0044DA97 /* AutoBot.xcdatamodeld */,
			);
			path = AutoBot;
			sourceTree = "<group>";
		};
/* End PBXGroup section */

/* Begin PBXNativeTarget section */
		ACBD08AE1EF19A6C0044DA97 /* AutoBot */ = {
			isa = PBXNativeTarget;
			buildConfigurationList = ACBD08C41EF19A6D0044DA97 /* Build configuration list for PBXNativeTarget "AutoBot" */;
			buildPhases = (
				ACBD08AB1EF19A6C0044DA97 /* Sources */,
				ACBD08AC1EF19A6C0044DA97 /* Frameworks */,
				ACBD08AD1EF19A6C0044DA97 /* Resources */,
			);
			buildRules = (
			);
			dependencies = (
			);
			name = AutoBot;
			productName = AutoBot;
			productReference = ACBD08AF1EF19A6D0044DA97 /* AutoBot.app */;
			productType = "com.apple.product-type.application";
		};
/* End PBXNativeTarget section */

/* Begin PBXProject section */
		ACBD08A71EF19A6C0044DA97 /* Project object */ = {
			isa = PBXProject;
			attributes = {
				LastSwiftUpdateCheck = 0830;
				LastUpgradeCheck = 0830;
				ORGANIZATIONNAME = AB;
				TargetAttributes = {
					ACBD08AE1EF19A6C0044DA97 = {
						CreatedOnToolsVersion = 8.3.2;
						DevelopmentTeam = NV6RLEM7VP;
						ProvisioningStyle = Automatic;
					};
				};
			};
			buildConfigurationList = ACBD08AA1EF19A6C0044DA97 /* Build configuration list for PBXProject "AutoBot" */;
			compatibilityVersion = "Xcode 3.2";
			developmentRegion = English;
			hasScannedForEncodings = 0;
			knownRegions = (
				en,
				Base,
			);
			mainGroup = ACBD08A61EF19A6C0044DA97;
			productRefGroup = ACBD08B01EF19A6D0044DA97 /* Products */;
			projectDirPath = "";
			projectRoot = "";
			targets = (
				ACBD08AE1EF19A6C0044DA97 /* AutoBot */,
			);
		};
/* End PBXProject section */

/* Begin PBXResourcesBuildPhase section */
		ACBD08AD1EF19A6C0044DA97 /* Resources */ = {
			isa = PBXResourcesBuildPhase;
			buildActionMask = 2147483647;
			files = (
				ACBD08C01EF19A6D0044DA97 /* LaunchScreen.storyboard in Resources */,
				ACBD08BD1EF19A6D0044DA97 /* Assets.xcassets in Resources */,
				ACBD08B81EF19A6D0044DA97 /* Main.storyboard in Resources */,
			);
			runOnlyForDeploymentPostprocessing = 0;
		};
/* End PBXResourcesBuildPhase section */

/* Begin PBXSourcesBuildPhase section */
		ACBD08AB1EF19A6C0044DA97 /* Sources */ = {
			isa = PBXSourcesBuildPhase;
			buildActionMask = 2147483647;
			files = (
				ACBD08BB1EF19A6D0044DA97 /* AutoBot.xcdatamodeld in Sources */,
				ACBD08B51EF19A6D0044DA97 /* ViewController.swift in Sources */,
				ACBD08B31EF19A6D0044DA97 /* AppDelegate.swift in Sources */,
			);
			runOnlyForDeploymentPostprocessing = 0;
		};
/* End PBXSourcesBuildPhase section */

/* Begin PBXVariantGroup section */
		ACBD08B61EF19A6D0044DA97 /* Main.storyboard */ = {
			isa = PBXVariantGroup;
			children = (
				ACBD08B71EF19A6D0044DA97 /* Base */,
			);
			name = Main.storyboard;
			sourceTree = "<group>";
		};
		ACBD08BE1EF19A6D0044DA97 /* LaunchScreen.storyboard */ = {
			isa = PBXVariantGroup;
			children = (
				ACBD08BF1EF19A6D0044DA97 /* Base */,
			);
			name = LaunchScreen.storyboard;
			sourceTree = "<group>";
		};
/* End PBXVariantGroup section */

/* Begin XCBuildConfiguration section */
		ACBD08C21EF19A6D0044DA97 /* Debug */ = {
			isa = XCBuildConfiguration;
			buildSettings = {
				ALWAYS_SEARCH_USER_PATHS = NO;
				CLANG_ANALYZER_NONNULL = YES;
				CLANG_ANALYZER_NUMBER_OBJECT_CONVERSION = YES_AGGRESSIVE;
				CLANG_CXX_LANGUAGE_STANDARD = "gnu++0x";
				CLANG_CXX_LIBRARY = "libc++";
				CLANG_ENABLE_MODULES = YES;
				CLANG_ENABLE_OBJC_ARC = YES;
				CLANG_WARN_BOOL_CONVERSION = YES;
				CLANG_WARN_CONSTANT_CONVERSION = YES;
				CLANG_WARN_DIRECT_OBJC_ISA_USAGE = YES_ERROR;
				CLANG_WARN_DOCUMENTATION_COMMENTS = YES;
				CLANG_WARN_EMPTY_BODY = YES;
				CLANG_WARN_ENUM_CONVERSION = YES;
				CLANG_WARN_INFINITE_RECURSION = YES;
				CLANG_WARN_INT_CONVERSION = YES;
				CLANG_WARN_OBJC_ROOT_CLASS = YES_ERROR;
				CLANG_WARN_SUSPICIOUS_MOVE = YES;
				CLANG_WARN_UNREACHABLE_CODE = YES;
				CLANG_WARN__DUPLICATE_METHOD_MATCH = YES;
				"CODE_SIGN_IDENTITY[sdk=iphoneos*]" = "iPhone Developer";
				COPY_PHASE_STRIP = NO;
				DEBUG_INFORMATION_FORMAT = dwarf;
				ENABLE_STRICT_OBJC_MSGSEND = YES;
				ENABLE_TESTABILITY = YES;
				GCC_C_LANGUAGE_STANDARD = gnu99;
				GCC_DYNAMIC_NO_PIC = NO;
				GCC_NO_COMMON_BLOCKS = YES;
				GCC_OPTIMIZATION_LEVEL = 0;
				GCC_PREPROCESSOR_DEFINITIONS = (
					"DEBUG=1",
					"$(inherited)",
				);
				GCC_WARN_64_TO_32_BIT_CONVERSION = YES;
				GCC_WARN_ABOUT_RETURN_TYPE = YES_ERROR;
				GCC_WARN_UNDECLARED_SELECTOR = YES;
				GCC_WARN_UNINITIALIZED_AUTOS = YES_AGGRESSIVE;
				GCC_WARN_UNUSED_FUNCTION = YES;
				GCC_WARN_UNUSED_VARIABLE = YES;
				IPHONEOS_DEPLOYMENT_TARGET = 10.3;
				MTL_ENABLE_DEBUG_INFO = YES;
				ONLY_ACTIVE_ARCH = YES;
				SDKROOT = iphoneos;
				SWIFT_ACTIVE_COMPILATION_CONDITIONS = DEBUG;
				SWIFT_OPTIMIZATION_LEVEL = "-Onone";
			};
			name = Debug;
		};
		ACBD08C31EF19A6D0044DA97 /* Release */ = {
			isa = XCBuildConfiguration;
			buildSettings = {
				ALWAYS_SEARCH_USER_PATHS = NO;
				CLANG_ANALYZER_NONNULL = YES;
				CLANG_ANALYZER_NUMBER_OBJECT_CONVERSION = YES_AGGRESSIVE;
				CLANG_CXX_LANGUAGE_STANDARD = "gnu++0x";
				CLANG_CXX_LIBRARY = "libc++";
				CLANG_ENABLE_MODULES = YES;
				CLANG_ENABLE_OBJC_ARC = YES;
				CLANG_WARN_BOOL_CONVERSION = YES;
				CLANG_WARN_CONSTANT_CONVERSION = YES;
				CLANG_WARN_DIRECT_OBJC_ISA_USAGE = YES_ERROR;
				CLANG_WARN_DOCUMENTATION_COMMENTS = YES;
				CLANG_WARN_EMPTY_BODY = YES;
				CLANG_WARN_ENUM_CONVERSION = YES;
				CLANG_WARN_INFINITE_RECURSION = YES;
				CLANG_WARN_INT_CONVERSION = YES;
				CLANG_WARN_OBJC_ROOT_CLASS = YES_ERROR;
				CLANG_WARN_SUSPICIOUS_MOVE = YES;
				CLANG_WARN_UNREACHABLE_CODE = YES;
				CLANG_WARN__DUPLICATE_METHOD_MATCH = YES;
				"CODE_SIGN_IDENTITY[sdk=iphoneos*]" = "iPhone Developer";
				COPY_PHASE_STRIP = NO;
				DEBUG_INFORMATION_FORMAT = "dwarf-with-dsym";
				ENABLE_NS_ASSERTIONS = NO;
				ENABLE_STRICT_OBJC_MSGSEND = YES;
				GCC_C_LANGUAGE_STANDARD = gnu99;
				GCC_NO_COMMON_BLOCKS = YES;
				GCC_WARN_64_TO_32_BIT_CONVERSION = YES;
				GCC_WARN_ABOUT_RETURN_TYPE = YES_ERROR;
				GCC_WARN_UNDECLARED_SELECTOR = YES;
				GCC_WARN_UNINITIALIZED_AUTOS = YES_AGGRESSIVE;
				GCC_WARN_UNUSED_FUNCTION = YES;
				GCC_WARN_UNUSED_VARIABLE = YES;
				IPHONEOS_DEPLOYMENT_TARGET = 10.3;
				MTL_ENABLE_DEBUG_INFO = NO;
				SDKROOT = iphoneos;
				SWIFT_OPTIMIZATION_LEVEL = "-Owholemodule";
				VALIDATE_PRODUCT = YES;
			};
			name = Release;
		};
		ACBD08C51EF19A6D0044DA97 /* Debug */ = {
			isa = XCBuildConfiguration;
			buildSettings = {
				ASSETCATALOG_COMPILER_APPICON_NAME = AppIcon;
				DEVELOPMENT_TEAM = NV6RLEM7VP;
				INFOPLIST_FILE = AutoBot/Info.plist;
				LD_RUNPATH_SEARCH_PATHS = "$(inherited) @executable_path/Frameworks";
				PRODUCT_BUNDLE_IDENTIFIER = com.AutoBot;
				PRODUCT_NAME = "$(TARGET_NAME)";
				SWIFT_VERSION = 3.0;
			};
			name = Debug;
		};
		ACBD08C61EF19A6D0044DA97 /* Release */ = {
			isa = XCBuildConfiguration;
			buildSettings = {
				ASSETCATALOG_COMPILER_APPICON_NAME = AppIcon;
				DEVELOPMENT_TEAM = NV6RLEM7VP;
				INFOPLIST_FILE = AutoBot/Info.plist;
				LD_RUNPATH_SEARCH_PATHS = "$(inherited) @executable_path/Frameworks";
				PRODUCT_BUNDLE_IDENTIFIER = com.AutoBot;
				PRODUCT_NAME = "$(TARGET_NAME)";
				SWIFT_VERSION = 3.0;
			};
			name = Release;
		};
/* End XCBuildConfiguration section */

/* Begin XCConfigurationList section */
		ACBD08AA1EF19A6C0044DA97 /* Build configuration list for PBXProject "AutoBot" */ = {
			isa = XCConfigurationList;
			buildConfigurations = (
				ACBD08C21EF19A6D0044DA97 /* Debug */,
				ACBD08C31EF19A6D0044DA97 /* Release */,
			);
			defaultConfigurationIsVisible = 0;
			defaultConfigurationName = Release;
		};
		ACBD08C41EF19A6D0044DA97 /* Build configuration list for PBXNativeTarget "AutoBot" */ = {
			isa = XCConfigurationList;
			buildConfigurations = (
				ACBD08C51EF19A6D0044DA97 /* Debug */,
				ACBD08C61EF19A6D0044DA97 /* Release */,
			);
			defaultConfigurationIsVisible = 0;
		};
/* End XCConfigurationList section */

/* Begin XCVersionGroup section */
		ACBD08B91EF19A6D0044DA97 /* AutoBot.xcdatamodeld */ = {
			isa = XCVersionGroup;
			children = (
				ACBD08BA1EF19A6D0044DA97 /* AutoBot.xcdatamodel */,
			);
			currentVersion = ACBD08BA1EF19A6D0044DA97 /* AutoBot.xcdatamodel */;
			path = AutoBot.xcdatamodeld;
			sourceTree = "<group>";
			versionGroupType = wrapper.xcdatamodel;
		};
/* End XCVersionGroup section */
	};
	rootObject = ACBD08A71EF19A6C0044DA97 /* Project object */;
}
