// !$*UTF8*$!
{
	archiveVersion = 1;
	classes = {
	};
	objectVersion = 46;
	objects = {

/* Begin PBXBuildFile section */
		ACBD08B31EF19A6D0044DA97 /* AppDelegate.swift in Sources */ = {isa = PBXBuildFile; fileRef = ACBD08B21EF19A6D0044DA97 /* AppDelegate.swift */; };
		ACBD08B51EF19A6D0044DA97 /* ViewController.swift in Sources */ = {isa = PBXBuildFile; fileRef = ACBD08B41EF19A6D0044DA97 /* ViewController.swift */; };
		ACBD08BB1EF19A6D0044DA97 /* AutoBot.xcdatamodeld in Sources */ = {isa = PBXBuildFile; fileRef = ACBD08B91EF19A6D0044DA97 /* AutoBot.xcdatamodeld */; };
		ACBD08BD1EF19A6D0044DA97 /* Assets.xcassets in Resources */ = {isa = PBXBuildFile; fileRef = ACBD08BC1EF19A6D0044DA97 /* Assets.xcassets */; };
		ACBD08C01EF19A6D0044DA97 /* LaunchScreen.storyboard in Resources */ = {isa = PBXBuildFile; fileRef = ACBD08BE1EF19A6D0044DA97 /* LaunchScreen.storyboard */; };
		ACBD08C81EF19B9B0044DA97 /* Cartfile in Resources */ = {isa = PBXBuildFile; fileRef = ACBD08C71EF19B9B0044DA97 /* Cartfile */; };
		ACBD08D11EF1A1470044DA97 /* Alamofire.framework in Frameworks */ = {isa = PBXBuildFile; fileRef = ACBD08CA1EF1A1470044DA97 /* Alamofire.framework */; };
		ACBD08D21EF1A1470044DA97 /* Lottie.framework in Frameworks */ = {isa = PBXBuildFile; fileRef = ACBD08CB1EF1A1470044DA97 /* Lottie.framework */; };
		ACBD08D31EF1A1470044DA97 /* NVActivityIndicatorView.framework in Frameworks */ = {isa = PBXBuildFile; fileRef = ACBD08CC1EF1A1470044DA97 /* NVActivityIndicatorView.framework */; };
		ACBD08D41EF1A1470044DA97 /* SDWebImage.framework in Frameworks */ = {isa = PBXBuildFile; fileRef = ACBD08CD1EF1A1470044DA97 /* SDWebImage.framework */; };
		ACBD08D51EF1A1470044DA97 /* SocketIO.framework in Frameworks */ = {isa = PBXBuildFile; fileRef = ACBD08CE1EF1A1470044DA97 /* SocketIO.framework */; };
		ACBD08D71EF1A1470044DA97 /* SwiftKeychainWrapper.framework in Frameworks */ = {isa = PBXBuildFile; fileRef = ACBD08D01EF1A1470044DA97 /* SwiftKeychainWrapper.framework */; };
		ACBD08DA1EF1A3320044DA97 /* AVKit.framework in Frameworks */ = {isa = PBXBuildFile; fileRef = ACBD08D91EF1A3320044DA97 /* AVKit.framework */; };
		ACBD08DC1EF1A33F0044DA97 /* AVFoundation.framework in Frameworks */ = {isa = PBXBuildFile; fileRef = ACBD08DB1EF1A33F0044DA97 /* AVFoundation.framework */; };
		ACBD08DE1EF1A34D0044DA97 /* MediaPlayer.framework in Frameworks */ = {isa = PBXBuildFile; fileRef = ACBD08DD1EF1A34D0044DA97 /* MediaPlayer.framework */; };
		ACBD08E11EF1A8FF0044DA97 /* DataMgr.swift in Sources */ = {isa = PBXBuildFile; fileRef = ACBD08E01EF1A8FF0044DA97 /* DataMgr.swift */; };
		ACBD08E31EF1A94A0044DA97 /* BotViewController.swift in Sources */ = {isa = PBXBuildFile; fileRef = ACBD08E21EF1A94A0044DA97 /* BotViewController.swift */; };
		ACBD08E51EF1A96B0044DA97 /* NavController.swift in Sources */ = {isa = PBXBuildFile; fileRef = ACBD08E41EF1A96B0044DA97 /* NavController.swift */; };
		ACBD08E81EF1AA000044DA97 /* BotMgr.swift in Sources */ = {isa = PBXBuildFile; fileRef = ACBD08E61EF1AA000044DA97 /* BotMgr.swift */; };
		ACBD08E91EF1AA000044DA97 /* ChatView.swift in Sources */ = {isa = PBXBuildFile; fileRef = ACBD08E71EF1AA000044DA97 /* ChatView.swift */; };
		ACBD08EB1EF1AA1A0044DA97 /* NetworkMgr.swift in Sources */ = {isa = PBXBuildFile; fileRef = ACBD08EA1EF1AA1A0044DA97 /* NetworkMgr.swift */; };
		ACBD08ED1EF1AAAD0044DA97 /* Utils.swift in Sources */ = {isa = PBXBuildFile; fileRef = ACBD08EC1EF1AAAD0044DA97 /* Utils.swift */; };
		ACBD08EF1EF1AAD40044DA97 /* ChatCell.swift in Sources */ = {isa = PBXBuildFile; fileRef = ACBD08EE1EF1AAD40044DA97 /* ChatCell.swift */; };
		ACBD08F31EF1ACD20044DA97 /* Gallery.swift in Sources */ = {isa = PBXBuildFile; fileRef = ACBD08F01EF1ACD20044DA97 /* Gallery.swift */; };
		ACBD08F41EF1ACD20044DA97 /* GalleryItem.swift in Sources */ = {isa = PBXBuildFile; fileRef = ACBD08F11EF1ACD20044DA97 /* GalleryItem.swift */; };
		ACBD08F51EF1ACD20044DA97 /* MenuCell.swift in Sources */ = {isa = PBXBuildFile; fileRef = ACBD08F21EF1ACD20044DA97 /* MenuCell.swift */; };
		ACBD08F71EF1ACEB0044DA97 /* QuickReplies.swift in Sources */ = {isa = PBXBuildFile; fileRef = ACBD08F61EF1ACEB0044DA97 /* QuickReplies.swift */; };
		ACBD08F91EF1AD020044DA97 /* ChatTextView.swift in Sources */ = {isa = PBXBuildFile; fileRef = ACBD08F81EF1AD020044DA97 /* ChatTextView.swift */; };
		ACBD08FB1EF1AD1D0044DA97 /* Avatar.swift in Sources */ = {isa = PBXBuildFile; fileRef = ACBD08FA1EF1AD1D0044DA97 /* Avatar.swift */; };
		ACBD08FD1EF1AD660044DA97 /* Reply.swift in Sources */ = {isa = PBXBuildFile; fileRef = ACBD08FC1EF1AD660044DA97 /* Reply.swift */; };
		ACBD08FF1EF1ADA80044DA97 /* Loading.swift in Sources */ = {isa = PBXBuildFile; fileRef = ACBD08FE1EF1ADA80044DA97 /* Loading.swift */; };
		ACBD09011EF1ADC90044DA97 /* ChatInput.swift in Sources */ = {isa = PBXBuildFile; fileRef = ACBD09001EF1ADC90044DA97 /* ChatInput.swift */; };
		ACBD09031EF1ADDB0044DA97 /* ChatTextField.swift in Sources */ = {isa = PBXBuildFile; fileRef = ACBD09021EF1ADDB0044DA97 /* ChatTextField.swift */; };
		ACBD09061EF1ADEC0044DA97 /* PopCell.swift in Sources */ = {isa = PBXBuildFile; fileRef = ACBD09041EF1ADEC0044DA97 /* PopCell.swift */; };
		ACBD09071EF1ADEC0044DA97 /* PopOver.swift in Sources */ = {isa = PBXBuildFile; fileRef = ACBD09051EF1ADEC0044DA97 /* PopOver.swift */; };
		ACBD09091EF1AE190044DA97 /* TypingView.swift in Sources */ = {isa = PBXBuildFile; fileRef = ACBD09081EF1AE190044DA97 /* TypingView.swift */; };
		ACBD090B1EF1AEDE0044DA97 /* Alert.swift in Sources */ = {isa = PBXBuildFile; fileRef = ACBD090A1EF1AEDE0044DA97 /* Alert.swift */; };
		ACBD09101EF1AFE40044DA97 /* wave-chat.gif in Resources */ = {isa = PBXBuildFile; fileRef = ACBD090F1EF1AFE40044DA97 /* wave-chat.gif */; };
		ACBD091C1EF1B4270044DA97 /* OLImage.m in Sources */ = {isa = PBXBuildFile; fileRef = ACBD09171EF1B4270044DA97 /* OLImage.m */; };
		ACBD091D1EF1B4270044DA97 /* OLImageView.m in Sources */ = {isa = PBXBuildFile; fileRef = ACBD09191EF1B4270044DA97 /* OLImageView.m */; };
/* End PBXBuildFile section */

/* Begin PBXFileReference section */
		ACBD08AF1EF19A6D0044DA97 /* AutoBot.app */ = {isa = PBXFileReference; explicitFileType = wrapper.application; includeInIndex = 0; path = AutoBot.app; sourceTree = BUILT_PRODUCTS_DIR; };
		ACBD08B21EF19A6D0044DA97 /* AppDelegate.swift */ = {isa = PBXFileReference; lastKnownFileType = sourcecode.swift; path = AppDelegate.swift; sourceTree = "<group>"; };
		ACBD08B41EF19A6D0044DA97 /* ViewController.swift */ = {isa = PBXFileReference; lastKnownFileType = sourcecode.swift; path = ViewController.swift; sourceTree = "<group>"; };
		ACBD08BA1EF19A6D0044DA97 /* AutoBot.xcdatamodel */ = {isa = PBXFileReference; lastKnownFileType = wrapper.xcdatamodel; path = AutoBot.xcdatamodel; sourceTree = "<group>"; };
		ACBD08BC1EF19A6D0044DA97 /* Assets.xcassets */ = {isa = PBXFileReference; lastKnownFileType = folder.assetcatalog; path = Assets.xcassets; sourceTree = "<group>"; };
		ACBD08BF1EF19A6D0044DA97 /* Base */ = {isa = PBXFileReference; lastKnownFileType = file.storyboard; name = Base; path = Base.lproj/LaunchScreen.storyboard; sourceTree = "<group>"; };
		ACBD08C11EF19A6D0044DA97 /* Info.plist */ = {isa = PBXFileReference; lastKnownFileType = text.plist.xml; path = Info.plist; sourceTree = "<group>"; };
		ACBD08C71EF19B9B0044DA97 /* Cartfile */ = {isa = PBXFileReference; fileEncoding = 4; lastKnownFileType = text; path = Cartfile; sourceTree = SOURCE_ROOT; };
		ACBD08CA1EF1A1470044DA97 /* Alamofire.framework */ = {isa = PBXFileReference; lastKnownFileType = wrapper.framework; name = Alamofire.framework; path = Carthage/Build/iOS/Alamofire.framework; sourceTree = "<group>"; };
		ACBD08CB1EF1A1470044DA97 /* Lottie.framework */ = {isa = PBXFileReference; lastKnownFileType = wrapper.framework; name = Lottie.framework; path = Carthage/Build/iOS/Lottie.framework; sourceTree = "<group>"; };
		ACBD08CC1EF1A1470044DA97 /* NVActivityIndicatorView.framework */ = {isa = PBXFileReference; lastKnownFileType = wrapper.framework; name = NVActivityIndicatorView.framework; path = Carthage/Build/iOS/NVActivityIndicatorView.framework; sourceTree = "<group>"; };
		ACBD08CD1EF1A1470044DA97 /* SDWebImage.framework */ = {isa = PBXFileReference; lastKnownFileType = wrapper.framework; name = SDWebImage.framework; path = Carthage/Build/iOS/SDWebImage.framework; sourceTree = "<group>"; };
		ACBD08CE1EF1A1470044DA97 /* SocketIO.framework */ = {isa = PBXFileReference; lastKnownFileType = wrapper.framework; name = SocketIO.framework; path = Carthage/Build/iOS/SocketIO.framework; sourceTree = "<group>"; };
		ACBD08D01EF1A1470044DA97 /* SwiftKeychainWrapper.framework */ = {isa = PBXFileReference; lastKnownFileType = wrapper.framework; name = SwiftKeychainWrapper.framework; path = Carthage/Build/iOS/SwiftKeychainWrapper.framework; sourceTree = "<group>"; };
		ACBD08D91EF1A3320044DA97 /* AVKit.framework */ = {isa = PBXFileReference; lastKnownFileType = wrapper.framework; name = AVKit.framework; path = System/Library/Frameworks/AVKit.framework; sourceTree = SDKROOT; };
		ACBD08DB1EF1A33F0044DA97 /* AVFoundation.framework */ = {isa = PBXFileReference; lastKnownFileType = wrapper.framework; name = AVFoundation.framework; path = System/Library/Frameworks/AVFoundation.framework; sourceTree = SDKROOT; };
		ACBD08DD1EF1A34D0044DA97 /* MediaPlayer.framework */ = {isa = PBXFileReference; lastKnownFileType = wrapper.framework; name = MediaPlayer.framework; path = System/Library/Frameworks/MediaPlayer.framework; sourceTree = SDKROOT; };
		ACBD08E01EF1A8FF0044DA97 /* DataMgr.swift */ = {isa = PBXFileReference; fileEncoding = 4; lastKnownFileType = sourcecode.swift; path = DataMgr.swift; sourceTree = "<group>"; };
		ACBD08E21EF1A94A0044DA97 /* BotViewController.swift */ = {isa = PBXFileReference; fileEncoding = 4; lastKnownFileType = sourcecode.swift; path = BotViewController.swift; sourceTree = "<group>"; };
		ACBD08E41EF1A96B0044DA97 /* NavController.swift */ = {isa = PBXFileReference; fileEncoding = 4; lastKnownFileType = sourcecode.swift; path = NavController.swift; sourceTree = "<group>"; };
		ACBD08E61EF1AA000044DA97 /* BotMgr.swift */ = {isa = PBXFileReference; fileEncoding = 4; lastKnownFileType = sourcecode.swift; path = BotMgr.swift; sourceTree = "<group>"; };
		ACBD08E71EF1AA000044DA97 /* ChatView.swift */ = {isa = PBXFileReference; fileEncoding = 4; lastKnownFileType = sourcecode.swift; path = ChatView.swift; sourceTree = "<group>"; };
		ACBD08EA1EF1AA1A0044DA97 /* NetworkMgr.swift */ = {isa = PBXFileReference; fileEncoding = 4; lastKnownFileType = sourcecode.swift; path = NetworkMgr.swift; sourceTree = "<group>"; };
		ACBD08EC1EF1AAAD0044DA97 /* Utils.swift */ = {isa = PBXFileReference; fileEncoding = 4; lastKnownFileType = sourcecode.swift; path = Utils.swift; sourceTree = "<group>"; };
		ACBD08EE1EF1AAD40044DA97 /* ChatCell.swift */ = {isa = PBXFileReference; fileEncoding = 4; lastKnownFileType = sourcecode.swift; path = ChatCell.swift; sourceTree = "<group>"; };
		ACBD08F01EF1ACD20044DA97 /* Gallery.swift */ = {isa = PBXFileReference; fileEncoding = 4; lastKnownFileType = sourcecode.swift; path = Gallery.swift; sourceTree = "<group>"; };
		ACBD08F11EF1ACD20044DA97 /* GalleryItem.swift */ = {isa = PBXFileReference; fileEncoding = 4; lastKnownFileType = sourcecode.swift; path = GalleryItem.swift; sourceTree = "<group>"; };
		ACBD08F21EF1ACD20044DA97 /* MenuCell.swift */ = {isa = PBXFileReference; fileEncoding = 4; lastKnownFileType = sourcecode.swift; path = MenuCell.swift; sourceTree = "<group>"; };
		ACBD08F61EF1ACEB0044DA97 /* QuickReplies.swift */ = {isa = PBXFileReference; fileEncoding = 4; lastKnownFileType = sourcecode.swift; path = QuickReplies.swift; sourceTree = "<group>"; };
		ACBD08F81EF1AD020044DA97 /* ChatTextView.swift */ = {isa = PBXFileReference; fileEncoding = 4; lastKnownFileType = sourcecode.swift; path = ChatTextView.swift; sourceTree = "<group>"; };
		ACBD08FA1EF1AD1D0044DA97 /* Avatar.swift */ = {isa = PBXFileReference; fileEncoding = 4; lastKnownFileType = sourcecode.swift; path = Avatar.swift; sourceTree = "<group>"; };
		ACBD08FC1EF1AD660044DA97 /* Reply.swift */ = {isa = PBXFileReference; fileEncoding = 4; lastKnownFileType = sourcecode.swift; path = Reply.swift; sourceTree = "<group>"; };
		ACBD08FE1EF1ADA80044DA97 /* Loading.swift */ = {isa = PBXFileReference; fileEncoding = 4; lastKnownFileType = sourcecode.swift; path = Loading.swift; sourceTree = "<group>"; };
		ACBD09001EF1ADC90044DA97 /* ChatInput.swift */ = {isa = PBXFileReference; fileEncoding = 4; lastKnownFileType = sourcecode.swift; path = ChatInput.swift; sourceTree = "<group>"; };
		ACBD09021EF1ADDB0044DA97 /* ChatTextField.swift */ = {isa = PBXFileReference; fileEncoding = 4; lastKnownFileType = sourcecode.swift; path = ChatTextField.swift; sourceTree = "<group>"; };
		ACBD09041EF1ADEC0044DA97 /* PopCell.swift */ = {isa = PBXFileReference; fileEncoding = 4; lastKnownFileType = sourcecode.swift; path = PopCell.swift; sourceTree = "<group>"; };
		ACBD09051EF1ADEC0044DA97 /* PopOver.swift */ = {isa = PBXFileReference; fileEncoding = 4; lastKnownFileType = sourcecode.swift; path = PopOver.swift; sourceTree = "<group>"; };
		ACBD09081EF1AE190044DA97 /* TypingView.swift */ = {isa = PBXFileReference; fileEncoding = 4; lastKnownFileType = sourcecode.swift; path = TypingView.swift; sourceTree = "<group>"; };
		ACBD090A1EF1AEDE0044DA97 /* Alert.swift */ = {isa = PBXFileReference; fileEncoding = 4; lastKnownFileType = sourcecode.swift; path = Alert.swift; sourceTree = "<group>"; };
		ACBD090F1EF1AFE40044DA97 /* wave-chat.gif */ = {isa = PBXFileReference; lastKnownFileType = image.gif; name = "wave-chat.gif"; path = "Assets/wave-chat.gif"; sourceTree = "<group>"; };
		ACBD09161EF1B4270044DA97 /* OLImage.h */ = {isa = PBXFileReference; fileEncoding = 4; lastKnownFileType = sourcecode.c.h; path = OLImage.h; sourceTree = "<group>"; };
		ACBD09171EF1B4270044DA97 /* OLImage.m */ = {isa = PBXFileReference; fileEncoding = 4; lastKnownFileType = sourcecode.c.objc; path = OLImage.m; sourceTree = "<group>"; };
		ACBD09181EF1B4270044DA97 /* OLImageView.h */ = {isa = PBXFileReference; fileEncoding = 4; lastKnownFileType = sourcecode.c.h; path = OLImageView.h; sourceTree = "<group>"; };
		ACBD09191EF1B4270044DA97 /* OLImageView.m */ = {isa = PBXFileReference; fileEncoding = 4; lastKnownFileType = sourcecode.c.objc; path = OLImageView.m; sourceTree = "<group>"; };
		ACBD091A1EF1B4270044DA97 /* OLImageViewDelegate.h */ = {isa = PBXFileReference; fileEncoding = 4; lastKnownFileType = sourcecode.c.h; path = OLImageViewDelegate.h; sourceTree = "<group>"; };
		ACBD09221EF1B5D00044DA97 /* AutoBot-Bridging-Header.h */ = {isa = PBXFileReference; fileEncoding = 4; lastKnownFileType = sourcecode.c.h; path = "AutoBot-Bridging-Header.h"; sourceTree = SOURCE_ROOT; };
/* End PBXFileReference section */

/* Begin PBXFrameworksBuildPhase section */
		ACBD08AC1EF19A6C0044DA97 /* Frameworks */ = {
			isa = PBXFrameworksBuildPhase;
			buildActionMask = 2147483647;
			files = (
				ACBD08DE1EF1A34D0044DA97 /* MediaPlayer.framework in Frameworks */,
				ACBD08DC1EF1A33F0044DA97 /* AVFoundation.framework in Frameworks */,
				ACBD08DA1EF1A3320044DA97 /* AVKit.framework in Frameworks */,
				ACBD08D11EF1A1470044DA97 /* Alamofire.framework in Frameworks */,
				ACBD08D21EF1A1470044DA97 /* Lottie.framework in Frameworks */,
				ACBD08D31EF1A1470044DA97 /* NVActivityIndicatorView.framework in Frameworks */,
				ACBD08D41EF1A1470044DA97 /* SDWebImage.framework in Frameworks */,
				ACBD08D51EF1A1470044DA97 /* SocketIO.framework in Frameworks */,
				ACBD08D71EF1A1470044DA97 /* SwiftKeychainWrapper.framework in Frameworks */,
			);
			runOnlyForDeploymentPostprocessing = 0;
		};
/* End PBXFrameworksBuildPhase section */

/* Begin PBXGroup section */
		ACBD08A61EF19A6C0044DA97 = {
			isa = PBXGroup;
			children = (
				ACBD08B11EF19A6D0044DA97 /* AutoBot */,
				ACBD08B01EF19A6D0044DA97 /* Products */,
				ACBD08C91EF1A1470044DA97 /* Frameworks */,
			);
			sourceTree = "<group>";
		};
		ACBD08B01EF19A6D0044DA97 /* Products */ = {
			isa = PBXGroup;
			children = (
				ACBD08AF1EF19A6D0044DA97 /* AutoBot.app */,
			);
			name = Products;
			sourceTree = "<group>";
		};
		ACBD08B11EF19A6D0044DA97 /* AutoBot */ = {
			isa = PBXGroup;
			children = (
				ACBD09111EF1B41F0044DA97 /* External */,
				ACBD090E1EF1AFB20044DA97 /* Assets */,
				ACBD08DF1EF1A8CB0044DA97 /* CoreData */,
				ACBD090D1EF1AF440044DA97 /* Core */,
				ACBD090C1EF1AF1F0044DA97 /* UI */,
				ACBD08C71EF19B9B0044DA97 /* Cartfile */,
				ACBD08B21EF19A6D0044DA97 /* AppDelegate.swift */,
				ACBD08B41EF19A6D0044DA97 /* ViewController.swift */,
				ACBD08EE1EF1AAD40044DA97 /* ChatCell.swift */,
				ACBD08E71EF1AA000044DA97 /* ChatView.swift */,
				ACBD08E41EF1A96B0044DA97 /* NavController.swift */,
				ACBD08BE1EF19A6D0044DA97 /* LaunchScreen.storyboard */,
				ACBD08C11EF19A6D0044DA97 /* Info.plist */,
			);
			path = AutoBot;
			sourceTree = "<group>";
		};
		ACBD08C91EF1A1470044DA97 /* Frameworks */ = {
			isa = PBXGroup;
			children = (
				ACBD08DD1EF1A34D0044DA97 /* MediaPlayer.framework */,
				ACBD08DB1EF1A33F0044DA97 /* AVFoundation.framework */,
				ACBD08D91EF1A3320044DA97 /* AVKit.framework */,
				ACBD08CA1EF1A1470044DA97 /* Alamofire.framework */,
				ACBD08CB1EF1A1470044DA97 /* Lottie.framework */,
				ACBD08CC1EF1A1470044DA97 /* NVActivityIndicatorView.framework */,
				ACBD08CD1EF1A1470044DA97 /* SDWebImage.framework */,
				ACBD08CE1EF1A1470044DA97 /* SocketIO.framework */,
				ACBD08D01EF1A1470044DA97 /* SwiftKeychainWrapper.framework */,
			);
			name = Frameworks;
			sourceTree = "<group>";
		};
		ACBD08DF1EF1A8CB0044DA97 /* CoreData */ = {
			isa = PBXGroup;
			children = (
				ACBD08E01EF1A8FF0044DA97 /* DataMgr.swift */,
				ACBD08B91EF19A6D0044DA97 /* AutoBot.xcdatamodeld */,
			);
			name = CoreData;
			sourceTree = "<group>";
		};
		ACBD090C1EF1AF1F0044DA97 /* UI */ = {
			isa = PBXGroup;
			children = (
				ACBD090A1EF1AEDE0044DA97 /* Alert.swift */,
				ACBD08FE1EF1ADA80044DA97 /* Loading.swift */,
				ACBD08F01EF1ACD20044DA97 /* Gallery.swift */,
				ACBD08F81EF1AD020044DA97 /* ChatTextView.swift */,
				ACBD09021EF1ADDB0044DA97 /* ChatTextField.swift */,
				ACBD09001EF1ADC90044DA97 /* ChatInput.swift */,
				ACBD09041EF1ADEC0044DA97 /* PopCell.swift */,
				ACBD09051EF1ADEC0044DA97 /* PopOver.swift */,
				ACBD09081EF1AE190044DA97 /* TypingView.swift */,
				ACBD08FA1EF1AD1D0044DA97 /* Avatar.swift */,
				ACBD08F61EF1ACEB0044DA97 /* QuickReplies.swift */,
				ACBD08FC1EF1AD660044DA97 /* Reply.swift */,
				ACBD08F11EF1ACD20044DA97 /* GalleryItem.swift */,
				ACBD08F21EF1ACD20044DA97 /* MenuCell.swift */,
			);
			name = UI;
			sourceTree = "<group>";
		};
		ACBD090D1EF1AF440044DA97 /* Core */ = {
			isa = PBXGroup;
			children = (
				ACBD08E21EF1A94A0044DA97 /* BotViewController.swift */,
				ACBD08E61EF1AA000044DA97 /* BotMgr.swift */,
				ACBD08EA1EF1AA1A0044DA97 /* NetworkMgr.swift */,
				ACBD08EC1EF1AAAD0044DA97 /* Utils.swift */,
			);
			name = Core;
			sourceTree = "<group>";
		};
		ACBD090E1EF1AFB20044DA97 /* Assets */ = {
			isa = PBXGroup;
			children = (
				ACBD090F1EF1AFE40044DA97 /* wave-chat.gif */,
				ACBD08BC1EF19A6D0044DA97 /* Assets.xcassets */,
			);
			name = Assets;
			sourceTree = "<group>";
		};
		ACBD09111EF1B41F0044DA97 /* External */ = {
			isa = PBXGroup;
			children = (
				ACBD09221EF1B5D00044DA97 /* AutoBot-Bridging-Header.h */,
				ACBD09121EF1B4270044DA97 /* OLImageView */,
			);
			name = External;
			sourceTree = "<group>";
		};
		ACBD09121EF1B4270044DA97 /* OLImageView */ = {
			isa = PBXGroup;
			children = (
				ACBD09161EF1B4270044DA97 /* OLImage.h */,
				ACBD09171EF1B4270044DA97 /* OLImage.m */,
				ACBD09181EF1B4270044DA97 /* OLImageView.h */,
				ACBD09191EF1B4270044DA97 /* OLImageView.m */,
				ACBD091A1EF1B4270044DA97 /* OLImageViewDelegate.h */,
			);
			name = OLImageView;
			path = External/OLImageView;
			sourceTree = "<group>";
		};
/* End PBXGroup section */

/* Begin PBXNativeTarget section */
		ACBD08AE1EF19A6C0044DA97 /* AutoBot */ = {
			isa = PBXNativeTarget;
			buildConfigurationList = ACBD08C41EF19A6D0044DA97 /* Build configuration list for PBXNativeTarget "AutoBot" */;
			buildPhases = (
				ACBD08AB1EF19A6C0044DA97 /* Sources */,
				ACBD08AC1EF19A6C0044DA97 /* Frameworks */,
				ACBD08AD1EF19A6C0044DA97 /* Resources */,
				ACBD08D81EF1A2030044DA97 /* ShellScript */,
			);
			buildRules = (
			);
			dependencies = (
			);
			name = AutoBot;
			productName = AutoBot;
			productReference = ACBD08AF1EF19A6D0044DA97 /* AutoBot.app */;
			productType = "com.apple.product-type.application";
		};
/* End PBXNativeTarget section */

/* Begin PBXProject section */
		ACBD08A71EF19A6C0044DA97 /* Project object */ = {
			isa = PBXProject;
			attributes = {
				LastSwiftUpdateCheck = 0830;
				LastUpgradeCheck = 0830;
				ORGANIZATIONNAME = AB;
				TargetAttributes = {
					ACBD08AE1EF19A6C0044DA97 = {
						CreatedOnToolsVersion = 8.3.2;
						DevelopmentTeam = NV6RLEM7VP;
						ProvisioningStyle = Automatic;
					};
				};
			};
			buildConfigurationList = ACBD08AA1EF19A6C0044DA97 /* Build configuration list for PBXProject "AutoBot" */;
			compatibilityVersion = "Xcode 3.2";
			developmentRegion = English;
			hasScannedForEncodings = 0;
			knownRegions = (
				en,
				Base,
			);
			mainGroup = ACBD08A61EF19A6C0044DA97;
			productRefGroup = ACBD08B01EF19A6D0044DA97 /* Products */;
			projectDirPath = "";
			projectRoot = "";
			targets = (
				ACBD08AE1EF19A6C0044DA97 /* AutoBot */,
			);
		};
/* End PBXProject section */

/* Begin PBXResourcesBuildPhase section */
		ACBD08AD1EF19A6C0044DA97 /* Resources */ = {
			isa = PBXResourcesBuildPhase;
			buildActionMask = 2147483647;
			files = (
				ACBD08C01EF19A6D0044DA97 /* LaunchScreen.storyboard in Resources */,
				ACBD08BD1EF19A6D0044DA97 /* Assets.xcassets in Resources */,
				ACBD09101EF1AFE40044DA97 /* wave-chat.gif in Resources */,
				ACBD08C81EF19B9B0044DA97 /* Cartfile in Resources */,
			);
			runOnlyForDeploymentPostprocessing = 0;
		};
/* End PBXResourcesBuildPhase section */

/* Begin PBXShellScriptBuildPhase section */
		ACBD08D81EF1A2030044DA97 /* ShellScript */ = {
			isa = PBXShellScriptBuildPhase;
			buildActionMask = 2147483647;
			files = (
			);
			inputPaths = (
				"$(SRCROOT)/Carthage/Build/iOS/Alamofire.framework",
				"$(SRCROOT)/Carthage/Build/iOS/Lottie.framework",
				"$(SRCROOT)/Carthage/Build/iOS/NVActivityIndicatorView.framework",
				"$(SRCROOT)/Carthage/Build/iOS/SDWebImage.framework",
				"$(SRCROOT)/Carthage/Build/iOS/SocketIO.framework",
				"$(SRCROOT)/Carthage/Build/iOS/SwiftKeychainWrapper.framework",
			);
			outputPaths = (
			);
			runOnlyForDeploymentPostprocessing = 0;
			shellPath = /bin/sh;
			shellScript = "/usr/local/bin/carthage copy-frameworks";
		};
/* End PBXShellScriptBuildPhase section */

/* Begin PBXSourcesBuildPhase section */
		ACBD08AB1EF19A6C0044DA97 /* Sources */ = {
			isa = PBXSourcesBuildPhase;
			buildActionMask = 2147483647;
			files = (
				ACBD08FD1EF1AD660044DA97 /* Reply.swift in Sources */,
				ACBD08F51EF1ACD20044DA97 /* MenuCell.swift in Sources */,
				ACBD08FF1EF1ADA80044DA97 /* Loading.swift in Sources */,
				ACBD090B1EF1AEDE0044DA97 /* Alert.swift in Sources */,
				ACBD08E31EF1A94A0044DA97 /* BotViewController.swift in Sources */,
				ACBD08E81EF1AA000044DA97 /* BotMgr.swift in Sources */,
				ACBD09061EF1ADEC0044DA97 /* PopCell.swift in Sources */,
				ACBD08FB1EF1AD1D0044DA97 /* Avatar.swift in Sources */,
				ACBD08F71EF1ACEB0044DA97 /* QuickReplies.swift in Sources */,
				ACBD08EF1EF1AAD40044DA97 /* ChatCell.swift in Sources */,
				ACBD08EB1EF1AA1A0044DA97 /* NetworkMgr.swift in Sources */,
				ACBD08F31EF1ACD20044DA97 /* Gallery.swift in Sources */,
				ACBD08E11EF1A8FF0044DA97 /* DataMgr.swift in Sources */,
				ACBD08BB1EF19A6D0044DA97 /* AutoBot.xcdatamodeld in Sources */,
				ACBD08ED1EF1AAAD0044DA97 /* Utils.swift in Sources */,
				ACBD08E91EF1AA000044DA97 /* ChatView.swift in Sources */,
				ACBD091D1EF1B4270044DA97 /* OLImageView.m in Sources */,
				ACBD09031EF1ADDB0044DA97 /* ChatTextField.swift in Sources */,
				ACBD09071EF1ADEC0044DA97 /* PopOver.swift in Sources */,
				ACBD09091EF1AE190044DA97 /* TypingView.swift in Sources */,
				ACBD08B51EF19A6D0044DA97 /* ViewController.swift in Sources */,
				ACBD091C1EF1B4270044DA97 /* OLImage.m in Sources */,
				ACBD08B31EF19A6D0044DA97 /* AppDelegate.swift in Sources */,
				ACBD08F91EF1AD020044DA97 /* ChatTextView.swift in Sources */,
				ACBD08F41EF1ACD20044DA97 /* GalleryItem.swift in Sources */,
				ACBD09011EF1ADC90044DA97 /* ChatInput.swift in Sources */,
				ACBD08E51EF1A96B0044DA97 /* NavController.swift in Sources */,
			);
			runOnlyForDeploymentPostprocessing = 0;
		};
/* End PBXSourcesBuildPhase section */

/* Begin PBXVariantGroup section */
		ACBD08BE1EF19A6D0044DA97 /* LaunchScreen.storyboard */ = {
			isa = PBXVariantGroup;
			children = (
				ACBD08BF1EF19A6D0044DA97 /* Base */,
			);
			name = LaunchScreen.storyboard;
			sourceTree = "<group>";
		};
/* End PBXVariantGroup section */

/* Begin XCBuildConfiguration section */
		ACBD08C21EF19A6D0044DA97 /* Debug */ = {
			isa = XCBuildConfiguration;
			buildSettings = {
				ALWAYS_SEARCH_USER_PATHS = NO;
				CLANG_ANALYZER_NONNULL = YES;
				CLANG_ANALYZER_NUMBER_OBJECT_CONVERSION = YES_AGGRESSIVE;
				CLANG_CXX_LANGUAGE_STANDARD = "gnu++0x";
				CLANG_CXX_LIBRARY = "libc++";
				CLANG_ENABLE_MODULES = YES;
				CLANG_ENABLE_OBJC_ARC = YES;
				CLANG_WARN_BOOL_CONVERSION = YES;
				CLANG_WARN_CONSTANT_CONVERSION = YES;
				CLANG_WARN_DIRECT_OBJC_ISA_USAGE = YES_ERROR;
				CLANG_WARN_DOCUMENTATION_COMMENTS = YES;
				CLANG_WARN_EMPTY_BODY = YES;
				CLANG_WARN_ENUM_CONVERSION = YES;
				CLANG_WARN_INFINITE_RECURSION = YES;
				CLANG_WARN_INT_CONVERSION = YES;
				CLANG_WARN_OBJC_ROOT_CLASS = YES_ERROR;
				CLANG_WARN_SUSPICIOUS_MOVE = YES;
				CLANG_WARN_UNREACHABLE_CODE = YES;
				CLANG_WARN__DUPLICATE_METHOD_MATCH = YES;
				"CODE_SIGN_IDENTITY[sdk=iphoneos*]" = "iPhone Developer";
				COPY_PHASE_STRIP = NO;
				DEBUG_INFORMATION_FORMAT = dwarf;
				ENABLE_STRICT_OBJC_MSGSEND = YES;
				ENABLE_TESTABILITY = YES;
				GCC_C_LANGUAGE_STANDARD = gnu99;
				GCC_DYNAMIC_NO_PIC = NO;
				GCC_NO_COMMON_BLOCKS = YES;
				GCC_OPTIMIZATION_LEVEL = 0;
				GCC_PREPROCESSOR_DEFINITIONS = (
					"DEBUG=1",
					"$(inherited)",
				);
				GCC_WARN_64_TO_32_BIT_CONVERSION = YES;
				GCC_WARN_ABOUT_RETURN_TYPE = YES_ERROR;
				GCC_WARN_UNDECLARED_SELECTOR = YES;
				GCC_WARN_UNINITIALIZED_AUTOS = YES_AGGRESSIVE;
				GCC_WARN_UNUSED_FUNCTION = YES;
				GCC_WARN_UNUSED_VARIABLE = YES;
				IPHONEOS_DEPLOYMENT_TARGET = 10.3;
				MTL_ENABLE_DEBUG_INFO = YES;
				ONLY_ACTIVE_ARCH = YES;
				SDKROOT = iphoneos;
				SWIFT_ACTIVE_COMPILATION_CONDITIONS = DEBUG;
				SWIFT_OPTIMIZATION_LEVEL = "-Onone";
			};
			name = Debug;
		};
		ACBD08C31EF19A6D0044DA97 /* Release */ = {
			isa = XCBuildConfiguration;
			buildSettings = {
				ALWAYS_SEARCH_USER_PATHS = NO;
				CLANG_ANALYZER_NONNULL = YES;
				CLANG_ANALYZER_NUMBER_OBJECT_CONVERSION = YES_AGGRESSIVE;
				CLANG_CXX_LANGUAGE_STANDARD = "gnu++0x";
				CLANG_CXX_LIBRARY = "libc++";
				CLANG_ENABLE_MODULES = YES;
				CLANG_ENABLE_OBJC_ARC = YES;
				CLANG_WARN_BOOL_CONVERSION = YES;
				CLANG_WARN_CONSTANT_CONVERSION = YES;
				CLANG_WARN_DIRECT_OBJC_ISA_USAGE = YES_ERROR;
				CLANG_WARN_DOCUMENTATION_COMMENTS = YES;
				CLANG_WARN_EMPTY_BODY = YES;
				CLANG_WARN_ENUM_CONVERSION = YES;
				CLANG_WARN_INFINITE_RECURSION = YES;
				CLANG_WARN_INT_CONVERSION = YES;
				CLANG_WARN_OBJC_ROOT_CLASS = YES_ERROR;
				CLANG_WARN_SUSPICIOUS_MOVE = YES;
				CLANG_WARN_UNREACHABLE_CODE = YES;
				CLANG_WARN__DUPLICATE_METHOD_MATCH = YES;
				"CODE_SIGN_IDENTITY[sdk=iphoneos*]" = "iPhone Developer";
				COPY_PHASE_STRIP = NO;
				DEBUG_INFORMATION_FORMAT = "dwarf-with-dsym";
				ENABLE_NS_ASSERTIONS = NO;
				ENABLE_STRICT_OBJC_MSGSEND = YES;
				GCC_C_LANGUAGE_STANDARD = gnu99;
				GCC_NO_COMMON_BLOCKS = YES;
				GCC_WARN_64_TO_32_BIT_CONVERSION = YES;
				GCC_WARN_ABOUT_RETURN_TYPE = YES_ERROR;
				GCC_WARN_UNDECLARED_SELECTOR = YES;
				GCC_WARN_UNINITIALIZED_AUTOS = YES_AGGRESSIVE;
				GCC_WARN_UNUSED_FUNCTION = YES;
				GCC_WARN_UNUSED_VARIABLE = YES;
				IPHONEOS_DEPLOYMENT_TARGET = 10.3;
				MTL_ENABLE_DEBUG_INFO = NO;
				SDKROOT = iphoneos;
				SWIFT_OPTIMIZATION_LEVEL = "-Owholemodule";
				VALIDATE_PRODUCT = YES;
			};
			name = Release;
		};
		ACBD08C51EF19A6D0044DA97 /* Debug */ = {
			isa = XCBuildConfiguration;
			buildSettings = {
				ASSETCATALOG_COMPILER_APPICON_NAME = AppIcon;
				DEVELOPMENT_TEAM = NV6RLEM7VP;
				FRAMEWORK_SEARCH_PATHS = (
					"$(inherited)",
					"$(PROJECT_DIR)/Carthage/Build/iOS",
				);
				INFOPLIST_FILE = AutoBot/Info.plist;
				LD_RUNPATH_SEARCH_PATHS = "$(inherited) @executable_path/Frameworks";
				PRODUCT_BUNDLE_IDENTIFIER = com.AutoBot;
				PRODUCT_NAME = "$(TARGET_NAME)";
				SWIFT_OBJC_BRIDGING_HEADER = "AutoBot-Bridging-Header.h";
				SWIFT_VERSION = 3.0;
			};
			name = Debug;
		};
		ACBD08C61EF19A6D0044DA97 /* Release */ = {
			isa = XCBuildConfiguration;
			buildSettings = {
				ASSETCATALOG_COMPILER_APPICON_NAME = AppIcon;
				DEVELOPMENT_TEAM = NV6RLEM7VP;
				FRAMEWORK_SEARCH_PATHS = (
					"$(inherited)",
					"$(PROJECT_DIR)/Carthage/Build/iOS",
				);
				INFOPLIST_FILE = AutoBot/Info.plist;
				LD_RUNPATH_SEARCH_PATHS = "$(inherited) @executable_path/Frameworks";
				PRODUCT_BUNDLE_IDENTIFIER = com.AutoBot;
				PRODUCT_NAME = "$(TARGET_NAME)";
				SWIFT_OBJC_BRIDGING_HEADER = "AutoBot-Bridging-Header.h";
				SWIFT_VERSION = 3.0;
			};
			name = Release;
		};
/* End XCBuildConfiguration section */

/* Begin XCConfigurationList section */
		ACBD08AA1EF19A6C0044DA97 /* Build configuration list for PBXProject "AutoBot" */ = {
			isa = XCConfigurationList;
			buildConfigurations = (
				ACBD08C21EF19A6D0044DA97 /* Debug */,
				ACBD08C31EF19A6D0044DA97 /* Release */,
			);
			defaultConfigurationIsVisible = 0;
			defaultConfigurationName = Release;
		};
		ACBD08C41EF19A6D0044DA97 /* Build configuration list for PBXNativeTarget "AutoBot" */ = {
			isa = XCConfigurationList;
			buildConfigurations = (
				ACBD08C51EF19A6D0044DA97 /* Debug */,
				ACBD08C61EF19A6D0044DA97 /* Release */,
			);
			defaultConfigurationIsVisible = 0;
			defaultConfigurationName = Release;
		};
/* End XCConfigurationList section */

/* Begin XCVersionGroup section */
		ACBD08B91EF19A6D0044DA97 /* AutoBot.xcdatamodeld */ = {
			isa = XCVersionGroup;
			children = (
				ACBD08BA1EF19A6D0044DA97 /* AutoBot.xcdatamodel */,
			);
			currentVersion = ACBD08BA1EF19A6D0044DA97 /* AutoBot.xcdatamodel */;
			path = AutoBot.xcdatamodeld;
			sourceTree = "<group>";
			versionGroupType = wrapper.xcdatamodel;
		};
/* End XCVersionGroup section */
	};
	rootObject = ACBD08A71EF19A6C0044DA97 /* Project object */;
}
